
Microsoft Visual Studio Solution File, Format Version 12.00
# Visual Studio Version 16
VisualStudioVersion = 16.0.809.10
MinimumVisualStudioVersion = 10.0.40219.1
Project("{FAE04EC0-301F-11D3-BF4B-00C04F79EFBC}") = "Task2_Mars_Project", "Task2_Mars_Project\Task2_Mars_Project.csproj", "{159C1DA7-F238-4FBF-B5A0-780FA4360647}"
EndProject
Global
	GlobalSection(SolutionConfigurationPlatforms) = preSolution
		Debug|Any CPU = Debug|Any CPU
		Release|Any CPU = Release|Any CPU
	EndGlobalSection
	GlobalSection(ProjectConfigurationPlatforms) = postSolution
		{159C1DA7-F238-4FBF-B5A0-780FA4360647}.Debug|Any CPU.ActiveCfg = Debug|Any CPU
		{159C1DA7-F238-4FBF-B5A0-780FA4360647}.Debug|Any CPU.Build.0 = Debug|Any CPU
		{159C1DA7-F238-4FBF-B5A0-780FA4360647}.Release|Any CPU.ActiveCfg = Release|Any CPU
		{159C1DA7-F238-4FBF-B5A0-780FA4360647}.Release|Any CPU.Build.0 = Release|Any CPU
	EndGlobalSection
	GlobalSection(SolutionProperties) = preSolution
		HideSolutionNode = FALSE
	EndGlobalSection
	GlobalSection(ExtensibilityGlobals) = postSolution
		SolutionGuid = {A6DE34C1-2E4A-4623-8C68-EAEBB8BA834A}
	EndGlobalSection
EndGlobal
